
Microsoft Visual Studio Solution File, Format Version 12.00
# Visual Studio Version 17
VisualStudioVersion = 17.3.32819.101
MinimumVisualStudioVersion = 10.0.40219.1
Project("{FAE04EC0-301F-11D3-BF4B-00C04F79EFBC}") = "Calculator", "Calculator.csproj", "{554A4620-E9AE-4B47-B454-4AC78A8E0967}"
EndProject
Global
	GlobalSection(SolutionConfigurationPlatforms) = preSolution
		Debug|Any CPU = Debug|Any CPU
		Release|Any CPU = Release|Any CPU
	EndGlobalSection
	GlobalSection(ProjectConfigurationPlatforms) = postSolution
		{554A4620-E9AE-4B47-B454-4AC78A8E0967}.Debug|Any CPU.ActiveCfg = Debug|Any CPU
		{554A4620-E9AE-4B47-B454-4AC78A8E0967}.Debug|Any CPU.Build.0 = Debug|Any CPU
		{554A4620-E9AE-4B47-B454-4AC78A8E0967}.Release|Any CPU.ActiveCfg = Release|Any CPU
		{554A4620-E9AE-4B47-B454-4AC78A8E0967}.Release|Any CPU.Build.0 = Release|Any CPU
	EndGlobalSection
	GlobalSection(SolutionProperties) = preSolution
		HideSolutionNode = FALSE
	EndGlobalSection
	GlobalSection(ExtensibilityGlobals) = postSolution
		SolutionGuid = {06A97B95-79C5-493A-A3F6-362950CCFC5F}
	EndGlobalSection
EndGlobal
